
Microsoft Visual Studio Solution File, Format Version 12.00
# Visual Studio Version 17
VisualStudioVersion = 17.7.34009.444
MinimumVisualStudioVersion = 10.0.40219.1
Project("{FAE04EC0-301F-11D3-BF4B-00C04F79EFBC}") = "SjHProject", "SjHProject.csproj", "{381B66EF-D9F4-4552-8B53-312D0C927BE5}"
EndProject
Global
	GlobalSection(SolutionConfigurationPlatforms) = preSolution
		Debug|Any CPU = Debug|Any CPU
		Release|Any CPU = Release|Any CPU
	EndGlobalSection
	GlobalSection(ProjectConfigurationPlatforms) = postSolution
		{381B66EF-D9F4-4552-8B53-312D0C927BE5}.Debug|Any CPU.ActiveCfg = Debug|Any CPU
		{381B66EF-D9F4-4552-8B53-312D0C927BE5}.Debug|Any CPU.Build.0 = Debug|Any CPU
		{381B66EF-D9F4-4552-8B53-312D0C927BE5}.Release|Any CPU.ActiveCfg = Release|Any CPU
		{381B66EF-D9F4-4552-8B53-312D0C927BE5}.Release|Any CPU.Build.0 = Release|Any CPU
	EndGlobalSection
	GlobalSection(SolutionProperties) = preSolution
		HideSolutionNode = FALSE
	EndGlobalSection
	GlobalSection(ExtensibilityGlobals) = postSolution
		SolutionGuid = {94B9445B-B9FA-4F37-BBA3-62F5B7FB93A6}
	EndGlobalSection
EndGlobal
